
Microsoft Visual Studio Solution File, Format Version 12.00
# Visual Studio Version 16
VisualStudioVersion = 16.0.30717.126
MinimumVisualStudioVersion = 10.0.40219.1
Project("{9A19103F-16F7-4668-BE54-9A1E7A4F7556}") = "ViesChecker", "ViesChecker\ViesChecker.csproj", "{5646644D-1B10-447C-9DF5-ECCA1E9434AB}"
EndProject
Global
	GlobalSection(SolutionConfigurationPlatforms) = preSolution
		Debug|Any CPU = Debug|Any CPU
		Release|Any CPU = Release|Any CPU
	EndGlobalSection
	GlobalSection(ProjectConfigurationPlatforms) = postSolution
		{5646644D-1B10-447C-9DF5-ECCA1E9434AB}.Debug|Any CPU.ActiveCfg = Debug|Any CPU
		{5646644D-1B10-447C-9DF5-ECCA1E9434AB}.Debug|Any CPU.Build.0 = Debug|Any CPU
		{5646644D-1B10-447C-9DF5-ECCA1E9434AB}.Release|Any CPU.ActiveCfg = Release|Any CPU
		{5646644D-1B10-447C-9DF5-ECCA1E9434AB}.Release|Any CPU.Build.0 = Release|Any CPU
	EndGlobalSection
	GlobalSection(SolutionProperties) = preSolution
		HideSolutionNode = FALSE
	EndGlobalSection
	GlobalSection(ExtensibilityGlobals) = postSolution
		SolutionGuid = {F210409D-8C9A-45C6-B16E-A80EF1CC8546}
	EndGlobalSection
EndGlobal
